
Microsoft Visual Studio Solution File, Format Version 12.00
# Visual Studio Version 17
VisualStudioVersion = 17.5.33424.131
MinimumVisualStudioVersion = 10.0.40219.1
Project("{FAE04EC0-301F-11D3-BF4B-00C04F79EFBC}") = "famchefs", "famchefs\famchefs.csproj", "{1C0A0C97-1F0D-4164-9BB9-EEA3ADE80BDD}"
EndProject
Project("{2150E333-8FDC-42A3-9474-1A3956D46DE8}") = "Solution Items", "Solution Items", "{AB543971-1727-46ED-833B-F614F3DCEA4A}"
	ProjectSection(SolutionItems) = preProject
		ReadMe.md = ReadMe.md
	EndProjectSection
EndProject
Global
	GlobalSection(SolutionConfigurationPlatforms) = preSolution
		Debug|Any CPU = Debug|Any CPU
		Release|Any CPU = Release|Any CPU
	EndGlobalSection
	GlobalSection(ProjectConfigurationPlatforms) = postSolution
		{1C0A0C97-1F0D-4164-9BB9-EEA3ADE80BDD}.Debug|Any CPU.ActiveCfg = Debug|Any CPU
		{1C0A0C97-1F0D-4164-9BB9-EEA3ADE80BDD}.Debug|Any CPU.Build.0 = Debug|Any CPU
		{1C0A0C97-1F0D-4164-9BB9-EEA3ADE80BDD}.Release|Any CPU.ActiveCfg = Release|Any CPU
		{1C0A0C97-1F0D-4164-9BB9-EEA3ADE80BDD}.Release|Any CPU.Build.0 = Release|Any CPU
	EndGlobalSection
	GlobalSection(SolutionProperties) = preSolution
		HideSolutionNode = FALSE
	EndGlobalSection
	GlobalSection(ExtensibilityGlobals) = postSolution
		SolutionGuid = {8DAB1FBE-E7C9-4B68-A57D-A756D61CF759}
	EndGlobalSection
EndGlobal
